# This file is automatically @generated by Cargo.
# It is not intended for manual editing.
version = 4

[[package]]
name = "rust-events-service"
version = "0.1.0"

[[package]]
name = "rust-graph-service"
version = "0.1.0"

[[package]]
name = "rust-ingestion-service"
version = "0.1.0"

[[package]]
name = "rust-search-service"
version = "0.1.0"
